
Microsoft Visual Studio Solution File, Format Version 12.00
# Visual Studio Version 17
VisualStudioVersion = 17.10.35122.118
MinimumVisualStudioVersion = 10.0.40219.1
Project("{FAE04EC0-301F-11D3-BF4B-00C04F79EFBC}") = "DesafioTJ.Domain", "DesafioTJ.Domain\DesafioTJ.Domain.csproj", "{5578D10F-BDBB-4C91-BA1E-D1F735429C1A}"
EndProject
Project("{FAE04EC0-301F-11D3-BF4B-00C04F79EFBC}") = "DesafioTJ.Infra", "DesafioTJ.Infra\DesafioTJ.Infra.csproj", "{C275BB5B-B775-4EB9-88D2-0203241DBC96}"
EndProject
Project("{FAE04EC0-301F-11D3-BF4B-00C04F79EFBC}") = "DesafioTJ.API", "DesafioTJ.API\DesafioTJ.API.csproj", "{4379054C-93BD-42CD-916A-34C8A8A6B5CB}"
EndProject
Global
	GlobalSection(SolutionConfigurationPlatforms) = preSolution
		Debug|Any CPU = Debug|Any CPU
		Release|Any CPU = Release|Any CPU
	EndGlobalSection
	GlobalSection(ProjectConfigurationPlatforms) = postSolution
		{5578D10F-BDBB-4C91-BA1E-D1F735429C1A}.Debug|Any CPU.ActiveCfg = Debug|Any CPU
		{5578D10F-BDBB-4C91-BA1E-D1F735429C1A}.Debug|Any CPU.Build.0 = Debug|Any CPU
		{5578D10F-BDBB-4C91-BA1E-D1F735429C1A}.Release|Any CPU.ActiveCfg = Release|Any CPU
		{5578D10F-BDBB-4C91-BA1E-D1F735429C1A}.Release|Any CPU.Build.0 = Release|Any CPU
		{C275BB5B-B775-4EB9-88D2-0203241DBC96}.Debug|Any CPU.ActiveCfg = Debug|Any CPU
		{C275BB5B-B775-4EB9-88D2-0203241DBC96}.Debug|Any CPU.Build.0 = Debug|Any CPU
		{C275BB5B-B775-4EB9-88D2-0203241DBC96}.Release|Any CPU.ActiveCfg = Release|Any CPU
		{C275BB5B-B775-4EB9-88D2-0203241DBC96}.Release|Any CPU.Build.0 = Release|Any CPU
		{4379054C-93BD-42CD-916A-34C8A8A6B5CB}.Debug|Any CPU.ActiveCfg = Debug|Any CPU
		{4379054C-93BD-42CD-916A-34C8A8A6B5CB}.Debug|Any CPU.Build.0 = Debug|Any CPU
		{4379054C-93BD-42CD-916A-34C8A8A6B5CB}.Release|Any CPU.ActiveCfg = Release|Any CPU
		{4379054C-93BD-42CD-916A-34C8A8A6B5CB}.Release|Any CPU.Build.0 = Release|Any CPU
	EndGlobalSection
	GlobalSection(SolutionProperties) = preSolution
		HideSolutionNode = FALSE
	EndGlobalSection
	GlobalSection(ExtensibilityGlobals) = postSolution
		SolutionGuid = {8EACFF2C-E358-4051-B50E-289E502DF244}
	EndGlobalSection
EndGlobal
